
Microsoft Visual Studio Solution File, Format Version 12.00
# Visual Studio Version 16
VisualStudioVersion = 16.0.32106.194
MinimumVisualStudioVersion = 10.0.40219.1
Project("{8BC9CEB8-8B4A-11D0-8D11-00A0C91BC942}") = "3", "3.vcxproj", "{C27A66C3-1E77-4E30-B69F-609B2CEB51C4}"
EndProject
Global
	GlobalSection(SolutionConfigurationPlatforms) = preSolution
		Debug|x64 = Debug|x64
		Debug|x86 = Debug|x86
		Release|x64 = Release|x64
		Release|x86 = Release|x86
	EndGlobalSection
	GlobalSection(ProjectConfigurationPlatforms) = postSolution
		{C27A66C3-1E77-4E30-B69F-609B2CEB51C4}.Debug|x64.ActiveCfg = Debug|x64
		{C27A66C3-1E77-4E30-B69F-609B2CEB51C4}.Debug|x64.Build.0 = Debug|x64
		{C27A66C3-1E77-4E30-B69F-609B2CEB51C4}.Debug|x86.ActiveCfg = Debug|Win32
		{C27A66C3-1E77-4E30-B69F-609B2CEB51C4}.Debug|x86.Build.0 = Debug|Win32
		{C27A66C3-1E77-4E30-B69F-609B2CEB51C4}.Release|x64.ActiveCfg = Release|x64
		{C27A66C3-1E77-4E30-B69F-609B2CEB51C4}.Release|x64.Build.0 = Release|x64
		{C27A66C3-1E77-4E30-B69F-609B2CEB51C4}.Release|x86.ActiveCfg = Release|Win32
		{C27A66C3-1E77-4E30-B69F-609B2CEB51C4}.Release|x86.Build.0 = Release|Win32
	EndGlobalSection
	GlobalSection(SolutionProperties) = preSolution
		HideSolutionNode = FALSE
	EndGlobalSection
	GlobalSection(ExtensibilityGlobals) = postSolution
		SolutionGuid = {1B2723D8-A6DA-43BA-90E8-CE3BD9126BCE}
	EndGlobalSection
EndGlobal
